// !$*UTF8*$!
{
	archiveVersion = 1;
	classes = {
	};
	objectVersion = 50;
	objects = {

/* Begin PBXBuildFile section */
		0606BDD720BE976300BF41A2 /* CS_VocoBitB_Hit-02.wav in Resources */ = {isa = PBXBuildFile; fileRef = 0606BDD620BE976300BF41A2 /* CS_VocoBitB_Hit-02.wav */; };
		0606BDDB20BFE22200BF41A2 /* Models.swift in Sources */ = {isa = PBXBuildFile; fileRef = 0606BDDA20BFE22200BF41A2 /* Models.swift */; };
		06ECCDF020BE87450005C28C /* AppDelegate.swift in Sources */ = {isa = PBXBuildFile; fileRef = 06ECCDEF20BE87450005C28C /* AppDelegate.swift */; };
		06ECCDF420BE87450005C28C /* Actions.sks in Resources */ = {isa = PBXBuildFile; fileRef = 06ECCDF320BE87450005C28C /* Actions.sks */; };
		06ECCDF620BE87450005C28C /* GameScene.swift in Sources */ = {isa = PBXBuildFile; fileRef = 06ECCDF520BE87450005C28C /* GameScene.swift */; };
		06ECCDF820BE87450005C28C /* GameViewController.swift in Sources */ = {isa = PBXBuildFile; fileRef = 06ECCDF720BE87450005C28C /* GameViewController.swift */; };
		06ECCDFB20BE87450005C28C /* Main.storyboard in Resources */ = {isa = PBXBuildFile; fileRef = 06ECCDF920BE87450005C28C /* Main.storyboard */; };
		06ECCDFD20BE87470005C28C /* Assets.xcassets in Resources */ = {isa = PBXBuildFile; fileRef = 06ECCDFC20BE87470005C28C /* Assets.xcassets */; };
		06ECCE0020BE87470005C28C /* LaunchScreen.storyboard in Resources */ = {isa = PBXBuildFile; fileRef = 06ECCDFE20BE87470005C28C /* LaunchScreen.storyboard */; };
		06ECCE0720BE89B40005C28C /* GameScene.sks in Resources */ = {isa = PBXBuildFile; fileRef = 06ECCDF120BE87450005C28C /* GameScene.sks */; };
/* End PBXBuildFile section */

/* Begin PBXFileReference section */
		0606BDD620BE976300BF41A2 /* CS_VocoBitB_Hit-02.wav */ = {isa = PBXFileReference; lastKnownFileType = audio.wav; path = "CS_VocoBitB_Hit-02.wav"; sourceTree = "<group>"; };
		0606BDDA20BFE22200BF41A2 /* Models.swift */ = {isa = PBXFileReference; lastKnownFileType = sourcecode.swift; path = Models.swift; sourceTree = "<group>"; };
		06ECCDEC20BE87450005C28C /* Knoppi.app */ = {isa = PBXFileReference; explicitFileType = wrapper.application; includeInIndex = 0; path = Knoppi.app; sourceTree = BUILT_PRODUCTS_DIR; };
		06ECCDEF20BE87450005C28C /* AppDelegate.swift */ = {isa = PBXFileReference; lastKnownFileType = sourcecode.swift; path = AppDelegate.swift; sourceTree = "<group>"; };
		06ECCDF120BE87450005C28C /* GameScene.sks */ = {isa = PBXFileReference; lastKnownFileType = file.sks; path = GameScene.sks; sourceTree = "<group>"; };
		06ECCDF320BE87450005C28C /* Actions.sks */ = {isa = PBXFileReference; lastKnownFileType = file.sks; path = Actions.sks; sourceTree = "<group>"; };
		06ECCDF520BE87450005C28C /* GameScene.swift */ = {isa = PBXFileReference; lastKnownFileType = sourcecode.swift; path = GameScene.swift; sourceTree = "<group>"; };
		06ECCDF720BE87450005C28C /* GameViewController.swift */ = {isa = PBXFileReference; lastKnownFileType = sourcecode.swift; path = GameViewController.swift; sourceTree = "<group>"; };
		06ECCDFA20BE87450005C28C /* Base */ = {isa = PBXFileReference; lastKnownFileType = file.storyboard; name = Base; path = Base.lproj/Main.storyboard; sourceTree = "<group>"; };
		06ECCDFC20BE87470005C28C /* Assets.xcassets */ = {isa = PBXFileReference; lastKnownFileType = folder.assetcatalog; path = Assets.xcassets; sourceTree = "<group>"; };
		06ECCDFF20BE87470005C28C /* Base */ = {isa = PBXFileReference; lastKnownFileType = file.storyboard; name = Base; path = Base.lproj/LaunchScreen.storyboard; sourceTree = "<group>"; };
		06ECCE0120BE87470005C28C /* Info.plist */ = {isa = PBXFileReference; lastKnownFileType = text.plist.xml; path = Info.plist; sourceTree = "<group>"; };
/* End PBXFileReference section */

/* Begin PBXFrameworksBuildPhase section */
		06ECCDE920BE87450005C28C /* Frameworks */ = {
			isa = PBXFrameworksBuildPhase;
			buildActionMask = 2147483647;
			files = (
			);
			runOnlyForDeploymentPostprocessing = 0;
		};
/* End PBXFrameworksBuildPhase section */

/* Begin PBXGroup section */
		0606BDD520BE973C00BF41A2 /* Audio */ = {
			isa = PBXGroup;
			children = (
				0606BDD620BE976300BF41A2 /* CS_VocoBitB_Hit-02.wav */,
			);
			path = Audio;
			sourceTree = "<group>";
		};
		06ECCDE320BE87450005C28C = {
			isa = PBXGroup;
			children = (
				06ECCDEE20BE87450005C28C /* Knoppi */,
				06ECCDED20BE87450005C28C /* Products */,
			);
			sourceTree = "<group>";
		};
		06ECCDED20BE87450005C28C /* Products */ = {
			isa = PBXGroup;
			children = (
				06ECCDEC20BE87450005C28C /* Knoppi.app */,
			);
			name = Products;
			sourceTree = "<group>";
		};
		06ECCDEE20BE87450005C28C /* Knoppi */ = {
			isa = PBXGroup;
			children = (
				0606BDD520BE973C00BF41A2 /* Audio */,
				06ECCDEF20BE87450005C28C /* AppDelegate.swift */,
				06ECCDF120BE87450005C28C /* GameScene.sks */,
				06ECCDF320BE87450005C28C /* Actions.sks */,
				06ECCDF520BE87450005C28C /* GameScene.swift */,
				06ECCDF720BE87450005C28C /* GameViewController.swift */,
				06ECCDF920BE87450005C28C /* Main.storyboard */,
				06ECCDFC20BE87470005C28C /* Assets.xcassets */,
				06ECCDFE20BE87470005C28C /* LaunchScreen.storyboard */,
				06ECCE0120BE87470005C28C /* Info.plist */,
				0606BDDA20BFE22200BF41A2 /* Models.swift */,
			);
			path = Knoppi;
			sourceTree = "<group>";
		};
/* End PBXGroup section */

/* Begin PBXNativeTarget section */
		06ECCDEB20BE87450005C28C /* Knoppi */ = {
			isa = PBXNativeTarget;
			buildConfigurationList = 06ECCE0420BE87470005C28C /* Build configuration list for PBXNativeTarget "Knoppi" */;
			buildPhases = (
				06ECCDE820BE87450005C28C /* Sources */,
				06ECCDE920BE87450005C28C /* Frameworks */,
				06ECCDEA20BE87450005C28C /* Resources */,
			);
			buildRules = (
			);
			dependencies = (
			);
			name = Knoppi;
			productName = Knoppi;
			productReference = 06ECCDEC20BE87450005C28C /* Knoppi.app */;
			productType = "com.apple.product-type.application";
		};
/* End PBXNativeTarget section */

/* Begin PBXProject section */
		06ECCDE420BE87450005C28C /* Project object */ = {
			isa = PBXProject;
			attributes = {
				LastSwiftUpdateCheck = 0930;
				LastUpgradeCheck = 0930;
				ORGANIZATIONNAME = s0w4;
				TargetAttributes = {
					06ECCDEB20BE87450005C28C = {
						CreatedOnToolsVersion = 9.3.1;
					};
				};
			};
			buildConfigurationList = 06ECCDE720BE87450005C28C /* Build configuration list for PBXProject "Knoppi" */;
			compatibilityVersion = "Xcode 9.3";
			developmentRegion = en;
			hasScannedForEncodings = 0;
			knownRegions = (
				en,
				Base,
			);
			mainGroup = 06ECCDE320BE87450005C28C;
			productRefGroup = 06ECCDED20BE87450005C28C /* Products */;
			projectDirPath = "";
			projectRoot = "";
			targets = (
				06ECCDEB20BE87450005C28C /* Knoppi */,
			);
		};
/* End PBXProject section */

/* Begin PBXResourcesBuildPhase section */
		06ECCDEA20BE87450005C28C /* Resources */ = {
			isa = PBXResourcesBuildPhase;
			buildActionMask = 2147483647;
			files = (
				0606BDD720BE976300BF41A2 /* CS_VocoBitB_Hit-02.wav in Resources */,
				06ECCDFB20BE87450005C28C /* Main.storyboard in Resources */,
				06ECCE0720BE89B40005C28C /* GameScene.sks in Resources */,
				06ECCDFD20BE87470005C28C /* Assets.xcassets in Resources */,
				06ECCE0020BE87470005C28C /* LaunchScreen.storyboard in Resources */,
				06ECCDF420BE87450005C28C /* Actions.sks in Resources */,
			);
			runOnlyForDeploymentPostprocessing = 0;
		};
/* End PBXResourcesBuildPhase section */

/* Begin PBXSourcesBuildPhase section */
		06ECCDE820BE87450005C28C /* Sources */ = {
			isa = PBXSourcesBuildPhase;
			buildActionMask = 2147483647;
			files = (
				06ECCDF620BE87450005C28C /* GameScene.swift in Sources */,
				06ECCDF820BE87450005C28C /* GameViewController.swift in Sources */,
				06ECCDF020BE87450005C28C /* AppDelegate.swift in Sources */,
				0606BDDB20BFE22200BF41A2 /* Models.swift in Sources */,
			);
			runOnlyForDeploymentPostprocessing = 0;
		};
/* End PBXSourcesBuildPhase section */

/* Begin PBXVariantGroup section */
		06ECCDF920BE87450005C28C /* Main.storyboard */ = {
			isa = PBXVariantGroup;
			children = (
				06ECCDFA20BE87450005C28C /* Base */,
			);
			name = Main.storyboard;
			sourceTree = "<group>";
		};
		06ECCDFE20BE87470005C28C /* LaunchScreen.storyboard */ = {
			isa = PBXVariantGroup;
			children = (
				06ECCDFF20BE87470005C28C /* Base */,
			);
			name = LaunchScreen.storyboard;
			sourceTree = "<group>";
		};
/* End PBXVariantGroup section */

/* Begin XCBuildConfiguration section */
		06ECCE0220BE87470005C28C /* Debug */ = {
			isa = XCBuildConfiguration;
			buildSettings = {
				ALWAYS_SEARCH_USER_PATHS = NO;
				CLANG_ANALYZER_NONNULL = YES;
				CLANG_ANALYZER_NUMBER_OBJECT_CONVERSION = YES_AGGRESSIVE;
				CLANG_CXX_LANGUAGE_STANDARD = "gnu++14";
				CLANG_CXX_LIBRARY = "libc++";
				CLANG_ENABLE_MODULES = YES;
				CLANG_ENABLE_OBJC_ARC = YES;
				CLANG_ENABLE_OBJC_WEAK = YES;
				CLANG_WARN_BLOCK_CAPTURE_AUTORELEASING = YES;
				CLANG_WARN_BOOL_CONVERSION = YES;
				CLANG_WARN_COMMA = YES;
				CLANG_WARN_CONSTANT_CONVERSION = YES;
				CLANG_WARN_DEPRECATED_OBJC_IMPLEMENTATIONS = YES;
				CLANG_WARN_DIRECT_OBJC_ISA_USAGE = YES_ERROR;
				CLANG_WARN_DOCUMENTATION_COMMENTS = YES;
				CLANG_WARN_EMPTY_BODY = YES;
				CLANG_WARN_ENUM_CONVERSION = YES;
				CLANG_WARN_INFINITE_RECURSION = YES;
				CLANG_WARN_INT_CONVERSION = YES;
				CLANG_WARN_NON_LITERAL_NULL_CONVERSION = YES;
				CLANG_WARN_OBJC_IMPLICIT_RETAIN_SELF = YES;
				CLANG_WARN_OBJC_LITERAL_CONVERSION = YES;
				CLANG_WARN_OBJC_ROOT_CLASS = YES_ERROR;
				CLANG_WARN_RANGE_LOOP_ANALYSIS = YES;
				CLANG_WARN_STRICT_PROTOTYPES = YES;
				CLANG_WARN_SUSPICIOUS_MOVE = YES;
				CLANG_WARN_UNGUARDED_AVAILABILITY = YES_AGGRESSIVE;
				CLANG_WARN_UNREACHABLE_CODE = YES;
				CLANG_WARN__DUPLICATE_METHOD_MATCH = YES;
				CODE_SIGN_IDENTITY = "iPhone Developer";
				COPY_PHASE_STRIP = NO;
				DEBUG_INFORMATION_FORMAT = dwarf;
				ENABLE_STRICT_OBJC_MSGSEND = YES;
				ENABLE_TESTABILITY = YES;
				GCC_C_LANGUAGE_STANDARD = gnu11;
				GCC_DYNAMIC_NO_PIC = NO;
				GCC_NO_COMMON_BLOCKS = YES;
				GCC_OPTIMIZATION_LEVEL = 0;
				GCC_PREPROCESSOR_DEFINITIONS = (
					"DEBUG=1",
					"$(inherited)",
				);
				GCC_WARN_64_TO_32_BIT_CONVERSION = YES;
				GCC_WARN_ABOUT_RETURN_TYPE = YES_ERROR;
				GCC_WARN_UNDECLARED_SELECTOR = YES;
				GCC_WARN_UNINITIALIZED_AUTOS = YES_AGGRESSIVE;
				GCC_WARN_UNUSED_FUNCTION = YES;
				GCC_WARN_UNUSED_VARIABLE = YES;
				IPHONEOS_DEPLOYMENT_TARGET = 11.3;
				MTL_ENABLE_DEBUG_INFO = YES;
				ONLY_ACTIVE_ARCH = YES;
				SDKROOT = iphoneos;
				SWIFT_ACTIVE_COMPILATION_CONDITIONS = DEBUG;
				SWIFT_OPTIMIZATION_LEVEL = "-Onone";
			};
			name = Debug;
		};
		06ECCE0320BE87470005C28C /* Release */ = {
			isa = XCBuildConfiguration;
			buildSettings = {
				ALWAYS_SEARCH_USER_PATHS = NO;
				CLANG_ANALYZER_NONNULL = YES;
				CLANG_ANALYZER_NUMBER_OBJECT_CONVERSION = YES_AGGRESSIVE;
				CLANG_CXX_LANGUAGE_STANDARD = "gnu++14";
				CLANG_CXX_LIBRARY = "libc++";
				CLANG_ENABLE_MODULES = YES;
				CLANG_ENABLE_OBJC_ARC = YES;
				CLANG_ENABLE_OBJC_WEAK = YES;
				CLANG_WARN_BLOCK_CAPTURE_AUTORELEASING = YES;
				CLANG_WARN_BOOL_CONVERSION = YES;
				CLANG_WARN_COMMA = YES;
				CLANG_WARN_CONSTANT_CONVERSION = YES;
				CLANG_WARN_DEPRECATED_OBJC_IMPLEMENTATIONS = YES;
				CLANG_WARN_DIRECT_OBJC_ISA_USAGE = YES_ERROR;
				CLANG_WARN_DOCUMENTATION_COMMENTS = YES;
				CLANG_WARN_EMPTY_BODY = YES;
				CLANG_WARN_ENUM_CONVERSION = YES;
				CLANG_WARN_INFINITE_RECURSION = YES;
				CLANG_WARN_INT_CONVERSION = YES;
				CLANG_WARN_NON_LITERAL_NULL_CONVERSION = YES;
				CLANG_WARN_OBJC_IMPLICIT_RETAIN_SELF = YES;
				CLANG_WARN_OBJC_LITERAL_CONVERSION = YES;
				CLANG_WARN_OBJC_ROOT_CLASS = YES_ERROR;
				CLANG_WARN_RANGE_LOOP_ANALYSIS = YES;
				CLANG_WARN_STRICT_PROTOTYPES = YES;
				CLANG_WARN_SUSPICIOUS_MOVE = YES;
				CLANG_WARN_UNGUARDED_AVAILABILITY = YES_AGGRESSIVE;
				CLANG_WARN_UNREACHABLE_CODE = YES;
				CLANG_WARN__DUPLICATE_METHOD_MATCH = YES;
				CODE_SIGN_IDENTITY = "iPhone Developer";
				COPY_PHASE_STRIP = NO;
				DEBUG_INFORMATION_FORMAT = "dwarf-with-dsym";
				ENABLE_NS_ASSERTIONS = NO;
				ENABLE_STRICT_OBJC_MSGSEND = YES;
				GCC_C_LANGUAGE_STANDARD = gnu11;
				GCC_NO_COMMON_BLOCKS = YES;
				GCC_WARN_64_TO_32_BIT_CONVERSION = YES;
				GCC_WARN_ABOUT_RETURN_TYPE = YES_ERROR;
				GCC_WARN_UNDECLARED_SELECTOR = YES;
				GCC_WARN_UNINITIALIZED_AUTOS = YES_AGGRESSIVE;
				GCC_WARN_UNUSED_FUNCTION = YES;
				GCC_WARN_UNUSED_VARIABLE = YES;
				IPHONEOS_DEPLOYMENT_TARGET = 11.3;
				MTL_ENABLE_DEBUG_INFO = NO;
				SDKROOT = iphoneos;
				SWIFT_COMPILATION_MODE = wholemodule;
				SWIFT_OPTIMIZATION_LEVEL = "-O";
				VALIDATE_PRODUCT = YES;
			};
			name = Release;
		};
		06ECCE0520BE87470005C28C /* Debug */ = {
			isa = XCBuildConfiguration;
			buildSettings = {
				ASSETCATALOG_COMPILER_APPICON_NAME = AppIcon;
				CODE_SIGN_STYLE = Automatic;
				DEVELOPMENT_TEAM = L694F8G6QJ;
				INFOPLIST_FILE = Knoppi/Info.plist;
				LD_RUNPATH_SEARCH_PATHS = (
					"$(inherited)",
					"@executable_path/Frameworks",
				);
				PRODUCT_BUNDLE_IDENTIFIER = s0w4.Knoppi;
				PRODUCT_NAME = "$(TARGET_NAME)";
				SWIFT_VERSION = 4.0;
				TARGETED_DEVICE_FAMILY = "1,2";
			};
			name = Debug;
		};
		06ECCE0620BE87470005C28C /* Release */ = {
			isa = XCBuildConfiguration;
			buildSettings = {
				ASSETCATALOG_COMPILER_APPICON_NAME = AppIcon;
				CODE_SIGN_STYLE = Automatic;
				DEVELOPMENT_TEAM = L694F8G6QJ;
				INFOPLIST_FILE = Knoppi/Info.plist;
				LD_RUNPATH_SEARCH_PATHS = (
					"$(inherited)",
					"@executable_path/Frameworks",
				);
				PRODUCT_BUNDLE_IDENTIFIER = s0w4.Knoppi;
				PRODUCT_NAME = "$(TARGET_NAME)";
				SWIFT_VERSION = 4.0;
				TARGETED_DEVICE_FAMILY = "1,2";
			};
			name = Release;
		};
/* End XCBuildConfiguration section */

/* Begin XCConfigurationList section */
		06ECCDE720BE87450005C28C /* Build configuration list for PBXProject "Knoppi" */ = {
			isa = XCConfigurationList;
			buildConfigurations = (
				06ECCE0220BE87470005C28C /* Debug */,
				06ECCE0320BE87470005C28C /* Release */,
			);
			defaultConfigurationIsVisible = 0;
			defaultConfigurationName = Release;
		};
		06ECCE0420BE87470005C28C /* Build configuration list for PBXNativeTarget "Knoppi" */ = {
			isa = XCConfigurationList;
			buildConfigurations = (
				06ECCE0520BE87470005C28C /* Debug */,
				06ECCE0620BE87470005C28C /* Release */,
			);
			defaultConfigurationIsVisible = 0;
			defaultConfigurationName = Release;
		};
/* End XCConfigurationList section */
	};
	rootObject = 06ECCDE420BE87450005C28C /* Project object */;
}
